// !$*UTF8*$!
{
	archiveVersion = 1;
	classes = {
	};
	objectVersion = 77;
	objects = {

/* Begin PBXBuildFile section */
		0583CAAD99668AAF0C0E4795 /* ProjectStore.swift in Sources */ = {isa = PBXBuildFile; fileRef = E357FE34FFD0F5BC130BB775 /* ProjectStore.swift */; };
		0F76D306C1DCFF00FB0191C6 /* ConversationSession.swift in Sources */ = {isa = PBXBuildFile; fileRef = DD3E3DE3FB42241A26EBF8E1 /* ConversationSession.swift */; };
		23A84CDD196DC5FB7262CF58 /* ContentView.swift in Sources */ = {isa = PBXBuildFile; fileRef = F1A87B4BE98A38D86D4C2A0F /* ContentView.swift */; };
		260432929BE19C6B0D25FBD6 /* VibeManiaApp.swift in Sources */ = {isa = PBXBuildFile; fileRef = 73E700D2426C02073A74FA98 /* VibeManiaApp.swift */; };
		3111DB4704492E95E8DA1F0A /* LogView.swift in Sources */ = {isa = PBXBuildFile; fileRef = 8AA4BE38E9E1A9151DDE4150 /* LogView.swift */; };
		34BA3679D8F42909CA264859 /* AgentManager.swift in Sources */ = {isa = PBXBuildFile; fileRef = 2F2DA7E0A7934D12470AFB13 /* AgentManager.swift */; };
		3788D7F5192B91F765A21036 /* Project.swift in Sources */ = {isa = PBXBuildFile; fileRef = 62B528E4BB5F122C3667DBB0 /* Project.swift */; };
		3E95042139F5AF6A57F098CA /* TaskParser.swift in Sources */ = {isa = PBXBuildFile; fileRef = 8CD6C80CEB2D3E2351C1B838 /* TaskParser.swift */; };
		3F2E2DCDE4391A76EA7B3449 /* ChatView.swift in Sources */ = {isa = PBXBuildFile; fileRef = AD7398CAC2054261F523AE43 /* ChatView.swift */; };
		5ED412A7B9B4FD18D7DE29D3 /* ConflictWarningBanner.swift in Sources */ = {isa = PBXBuildFile; fileRef = 80E98B75F58E6089F0A6D0A9 /* ConflictWarningBanner.swift */; };
		62490A777B00C30B0277AEA7 /* ConversationStore.swift in Sources */ = {isa = PBXBuildFile; fileRef = 815359104AA5C319D8B6128C /* ConversationStore.swift */; };
		6C74FAEBAE285EC2C34300AF /* AgentCardView.swift in Sources */ = {isa = PBXBuildFile; fileRef = 1EE764070E3532394202D8C5 /* AgentCardView.swift */; };
		75EBA5640D26E57264E63835 /* LogParser.swift in Sources */ = {isa = PBXBuildFile; fileRef = BE8844B6F0737B5C53648D3A /* LogParser.swift */; };
		8128585B4BBEE7C14C9C7405 /* DashboardView.swift in Sources */ = {isa = PBXBuildFile; fileRef = 55FC5F0BC11A02A8C928669F /* DashboardView.swift */; };
		88E4B02A65C079E14BE78123 /* WelcomeView.swift in Sources */ = {isa = PBXBuildFile; fileRef = 34D4C76012E24331DD7F1B99 /* WelcomeView.swift */; };
		8BC130390D63BE41D80286B9 /* ConversationListView.swift in Sources */ = {isa = PBXBuildFile; fileRef = 6022E3965A560229CC4A8C7D /* ConversationListView.swift */; };
		8F8A64DC1297C49F018597C9 /* Agent.swift in Sources */ = {isa = PBXBuildFile; fileRef = D172E0FB4E4ACF4391C454FC /* Agent.swift */; };
		9CA3A17B16CF2F029EDEA5BC /* ChatMessage.swift in Sources */ = {isa = PBXBuildFile; fileRef = A3F6B0F751B42F3F0B716BFC /* ChatMessage.swift */; };
		B520820723C1D54CBA42131A /* ConversationView.swift in Sources */ = {isa = PBXBuildFile; fileRef = E870BB646EED245DE28E919B /* ConversationView.swift */; };
		B685274676815DA2FB9B0940 /* SidebarView.swift in Sources */ = {isa = PBXBuildFile; fileRef = 0826F76F38FB58A0DB75B828 /* SidebarView.swift */; };
		C85A475B2BBE89489BA10C37 /* ProjectDetailView.swift in Sources */ = {isa = PBXBuildFile; fileRef = 917F8A9E40AB84E3A13FC6CC /* ProjectDetailView.swift */; };
		E9ECECC4023FFD4C6691C17E /* AgentSwarmView.swift in Sources */ = {isa = PBXBuildFile; fileRef = 9CF464F57FD772883A210803 /* AgentSwarmView.swift */; };
		EAFE796FD314131B347EE2B6 /* AgentManager+SwarmLaunch.swift in Sources */ = {isa = PBXBuildFile; fileRef = 67563DB9D2C21CA9FDB94C12 /* AgentManager+SwarmLaunch.swift */; };
		EB112A9CBBA7F5EFF52AB3D7 /* AgentTask.swift in Sources */ = {isa = PBXBuildFile; fileRef = F3268D2CA100E14AF7DFB456 /* AgentTask.swift */; };
		F9F9874F5F7B25A4A545CC98 /* AddProjectSheet.swift in Sources */ = {isa = PBXBuildFile; fileRef = 60448F656177E7EEE54686F6 /* AddProjectSheet.swift */; };
/* End PBXBuildFile section */

/* Begin PBXFileReference section */
		0826F76F38FB58A0DB75B828 /* SidebarView.swift */ = {isa = PBXFileReference; lastKnownFileType = sourcecode.swift; path = SidebarView.swift; sourceTree = "<group>"; };
		1EE764070E3532394202D8C5 /* AgentCardView.swift */ = {isa = PBXFileReference; lastKnownFileType = sourcecode.swift; path = AgentCardView.swift; sourceTree = "<group>"; };
		2F2DA7E0A7934D12470AFB13 /* AgentManager.swift */ = {isa = PBXFileReference; lastKnownFileType = sourcecode.swift; path = AgentManager.swift; sourceTree = "<group>"; };
		34D4C76012E24331DD7F1B99 /* WelcomeView.swift */ = {isa = PBXFileReference; lastKnownFileType = sourcecode.swift; path = WelcomeView.swift; sourceTree = "<group>"; };
		55FC5F0BC11A02A8C928669F /* DashboardView.swift */ = {isa = PBXFileReference; lastKnownFileType = sourcecode.swift; path = DashboardView.swift; sourceTree = "<group>"; };
		6022E3965A560229CC4A8C7D /* ConversationListView.swift */ = {isa = PBXFileReference; lastKnownFileType = sourcecode.swift; path = ConversationListView.swift; sourceTree = "<group>"; };
		60448F656177E7EEE54686F6 /* AddProjectSheet.swift */ = {isa = PBXFileReference; lastKnownFileType = sourcecode.swift; path = AddProjectSheet.swift; sourceTree = "<group>"; };
		62B528E4BB5F122C3667DBB0 /* Project.swift */ = {isa = PBXFileReference; lastKnownFileType = sourcecode.swift; path = Project.swift; sourceTree = "<group>"; };
		67563DB9D2C21CA9FDB94C12 /* AgentManager+SwarmLaunch.swift */ = {isa = PBXFileReference; lastKnownFileType = sourcecode.swift; path = "AgentManager+SwarmLaunch.swift"; sourceTree = "<group>"; };
		73E700D2426C02073A74FA98 /* VibeManiaApp.swift */ = {isa = PBXFileReference; lastKnownFileType = sourcecode.swift; path = VibeManiaApp.swift; sourceTree = "<group>"; };
		74A2872B247980B22EA69ACA /* VibeMania.app */ = {isa = PBXFileReference; explicitFileType = wrapper.application; includeInIndex = 0; path = VibeMania.app; sourceTree = BUILT_PRODUCTS_DIR; };
		80E98B75F58E6089F0A6D0A9 /* ConflictWarningBanner.swift */ = {isa = PBXFileReference; lastKnownFileType = sourcecode.swift; path = ConflictWarningBanner.swift; sourceTree = "<group>"; };
		815359104AA5C319D8B6128C /* ConversationStore.swift */ = {isa = PBXFileReference; lastKnownFileType = sourcecode.swift; path = ConversationStore.swift; sourceTree = "<group>"; };
		8AA4BE38E9E1A9151DDE4150 /* LogView.swift */ = {isa = PBXFileReference; lastKnownFileType = sourcecode.swift; path = LogView.swift; sourceTree = "<group>"; };
		8CD6C80CEB2D3E2351C1B838 /* TaskParser.swift */ = {isa = PBXFileReference; lastKnownFileType = sourcecode.swift; path = TaskParser.swift; sourceTree = "<group>"; };
		917F8A9E40AB84E3A13FC6CC /* ProjectDetailView.swift */ = {isa = PBXFileReference; lastKnownFileType = sourcecode.swift; path = ProjectDetailView.swift; sourceTree = "<group>"; };
		9CF464F57FD772883A210803 /* AgentSwarmView.swift */ = {isa = PBXFileReference; lastKnownFileType = sourcecode.swift; path = AgentSwarmView.swift; sourceTree = "<group>"; };
		A3F6B0F751B42F3F0B716BFC /* ChatMessage.swift */ = {isa = PBXFileReference; lastKnownFileType = sourcecode.swift; path = ChatMessage.swift; sourceTree = "<group>"; };
		AD7398CAC2054261F523AE43 /* ChatView.swift */ = {isa = PBXFileReference; lastKnownFileType = sourcecode.swift; path = ChatView.swift; sourceTree = "<group>"; };
		BE8844B6F0737B5C53648D3A /* LogParser.swift */ = {isa = PBXFileReference; lastKnownFileType = sourcecode.swift; path = LogParser.swift; sourceTree = "<group>"; };
		D172E0FB4E4ACF4391C454FC /* Agent.swift */ = {isa = PBXFileReference; lastKnownFileType = sourcecode.swift; path = Agent.swift; sourceTree = "<group>"; };
		DD3E3DE3FB42241A26EBF8E1 /* ConversationSession.swift */ = {isa = PBXFileReference; lastKnownFileType = sourcecode.swift; path = ConversationSession.swift; sourceTree = "<group>"; };
		E357FE34FFD0F5BC130BB775 /* ProjectStore.swift */ = {isa = PBXFileReference; lastKnownFileType = sourcecode.swift; path = ProjectStore.swift; sourceTree = "<group>"; };
		E870BB646EED245DE28E919B /* ConversationView.swift */ = {isa = PBXFileReference; lastKnownFileType = sourcecode.swift; path = ConversationView.swift; sourceTree = "<group>"; };
		F1A87B4BE98A38D86D4C2A0F /* ContentView.swift */ = {isa = PBXFileReference; lastKnownFileType = sourcecode.swift; path = ContentView.swift; sourceTree = "<group>"; };
		F3268D2CA100E14AF7DFB456 /* AgentTask.swift */ = {isa = PBXFileReference; lastKnownFileType = sourcecode.swift; path = AgentTask.swift; sourceTree = "<group>"; };
/* End PBXFileReference section */

/* Begin PBXGroup section */
		003BB7A07F0DE69FC0B65A3B /* Products */ = {
			isa = PBXGroup;
			children = (
				74A2872B247980B22EA69ACA /* VibeMania.app */,
			);
			name = Products;
			sourceTree = "<group>";
		};
		18D9B44E18058F7E97645E6D = {
			isa = PBXGroup;
			children = (
				366B733E86BD5F5AB455EBEB /* Sources */,
				003BB7A07F0DE69FC0B65A3B /* Products */,
			);
			sourceTree = "<group>";
		};
		366B733E86BD5F5AB455EBEB /* Sources */ = {
			isa = PBXGroup;
			children = (
				565D5AC6CBEEC8AEFAEC5CD4 /* VibeMania */,
			);
			path = Sources;
			sourceTree = "<group>";
		};
		565D5AC6CBEEC8AEFAEC5CD4 /* VibeMania */ = {
			isa = PBXGroup;
			children = (
				73E700D2426C02073A74FA98 /* VibeManiaApp.swift */,
				DC9321E83C46D6EB640EFACC /* Models */,
				60863B0CF2053810807F0C26 /* Views */,
			);
			path = VibeMania;
			sourceTree = "<group>";
		};
		60863B0CF2053810807F0C26 /* Views */ = {
			isa = PBXGroup;
			children = (
				60448F656177E7EEE54686F6 /* AddProjectSheet.swift */,
				1EE764070E3532394202D8C5 /* AgentCardView.swift */,
				9CF464F57FD772883A210803 /* AgentSwarmView.swift */,
				AD7398CAC2054261F523AE43 /* ChatView.swift */,
				80E98B75F58E6089F0A6D0A9 /* ConflictWarningBanner.swift */,
				F1A87B4BE98A38D86D4C2A0F /* ContentView.swift */,
				6022E3965A560229CC4A8C7D /* ConversationListView.swift */,
				E870BB646EED245DE28E919B /* ConversationView.swift */,
				55FC5F0BC11A02A8C928669F /* DashboardView.swift */,
				8AA4BE38E9E1A9151DDE4150 /* LogView.swift */,
				917F8A9E40AB84E3A13FC6CC /* ProjectDetailView.swift */,
				0826F76F38FB58A0DB75B828 /* SidebarView.swift */,
				34D4C76012E24331DD7F1B99 /* WelcomeView.swift */,
			);
			path = Views;
			sourceTree = "<group>";
		};
		DC9321E83C46D6EB640EFACC /* Models */ = {
			isa = PBXGroup;
			children = (
				D172E0FB4E4ACF4391C454FC /* Agent.swift */,
				2F2DA7E0A7934D12470AFB13 /* AgentManager.swift */,
				67563DB9D2C21CA9FDB94C12 /* AgentManager+SwarmLaunch.swift */,
				F3268D2CA100E14AF7DFB456 /* AgentTask.swift */,
				A3F6B0F751B42F3F0B716BFC /* ChatMessage.swift */,
				DD3E3DE3FB42241A26EBF8E1 /* ConversationSession.swift */,
				815359104AA5C319D8B6128C /* ConversationStore.swift */,
				BE8844B6F0737B5C53648D3A /* LogParser.swift */,
				62B528E4BB5F122C3667DBB0 /* Project.swift */,
				E357FE34FFD0F5BC130BB775 /* ProjectStore.swift */,
				8CD6C80CEB2D3E2351C1B838 /* TaskParser.swift */,
			);
			path = Models;
			sourceTree = "<group>";
		};
/* End PBXGroup section */

/* Begin PBXNativeTarget section */
		EF6A2A9B513C82B13E116C2B /* VibeMania */ = {
			isa = PBXNativeTarget;
			buildConfigurationList = A05D062CE8060A9020914EE0 /* Build configuration list for PBXNativeTarget "VibeMania" */;
			buildPhases = (
				EE96AD81A5C7698296CC6C22 /* Sources */,
			);
			buildRules = (
			);
			dependencies = (
			);
			name = VibeMania;
			packageProductDependencies = (
			);
			productName = VibeMania;
			productReference = 74A2872B247980B22EA69ACA /* VibeMania.app */;
			productType = "com.apple.product-type.application";
		};
/* End PBXNativeTarget section */

/* Begin PBXProject section */
		39697CF0003E05A4E04D8C3C /* Project object */ = {
			isa = PBXProject;
			attributes = {
				BuildIndependentTargetsInParallel = YES;
				LastUpgradeCheck = 1430;
			};
			buildConfigurationList = 2A79D671F4F9B6DD9D42854C /* Build configuration list for PBXProject "VibeMania" */;
			compatibilityVersion = "Xcode 14.0";
			developmentRegion = en;
			hasScannedForEncodings = 0;
			knownRegions = (
				Base,
				en,
			);
			mainGroup = 18D9B44E18058F7E97645E6D;
			minimizedProjectReferenceProxies = 1;
			preferredProjectObjectVersion = 77;
			projectDirPath = "";
			projectRoot = "";
			targets = (
				EF6A2A9B513C82B13E116C2B /* VibeMania */,
			);
		};
/* End PBXProject section */

/* Begin PBXSourcesBuildPhase section */
		EE96AD81A5C7698296CC6C22 /* Sources */ = {
			isa = PBXSourcesBuildPhase;
			buildActionMask = 2147483647;
			files = (
				F9F9874F5F7B25A4A545CC98 /* AddProjectSheet.swift in Sources */,
				8F8A64DC1297C49F018597C9 /* Agent.swift in Sources */,
				6C74FAEBAE285EC2C34300AF /* AgentCardView.swift in Sources */,
				EAFE796FD314131B347EE2B6 /* AgentManager+SwarmLaunch.swift in Sources */,
				34BA3679D8F42909CA264859 /* AgentManager.swift in Sources */,
				E9ECECC4023FFD4C6691C17E /* AgentSwarmView.swift in Sources */,
				EB112A9CBBA7F5EFF52AB3D7 /* AgentTask.swift in Sources */,
				9CA3A17B16CF2F029EDEA5BC /* ChatMessage.swift in Sources */,
				3F2E2DCDE4391A76EA7B3449 /* ChatView.swift in Sources */,
				5ED412A7B9B4FD18D7DE29D3 /* ConflictWarningBanner.swift in Sources */,
				23A84CDD196DC5FB7262CF58 /* ContentView.swift in Sources */,
				8BC130390D63BE41D80286B9 /* ConversationListView.swift in Sources */,
				0F76D306C1DCFF00FB0191C6 /* ConversationSession.swift in Sources */,
				62490A777B00C30B0277AEA7 /* ConversationStore.swift in Sources */,
				B520820723C1D54CBA42131A /* ConversationView.swift in Sources */,
				8128585B4BBEE7C14C9C7405 /* DashboardView.swift in Sources */,
				75EBA5640D26E57264E63835 /* LogParser.swift in Sources */,
				3111DB4704492E95E8DA1F0A /* LogView.swift in Sources */,
				3788D7F5192B91F765A21036 /* Project.swift in Sources */,
				C85A475B2BBE89489BA10C37 /* ProjectDetailView.swift in Sources */,
				0583CAAD99668AAF0C0E4795 /* ProjectStore.swift in Sources */,
				B685274676815DA2FB9B0940 /* SidebarView.swift in Sources */,
				3E95042139F5AF6A57F098CA /* TaskParser.swift in Sources */,
				260432929BE19C6B0D25FBD6 /* VibeManiaApp.swift in Sources */,
				88E4B02A65C079E14BE78123 /* WelcomeView.swift in Sources */,
			);
			runOnlyForDeploymentPostprocessing = 0;
		};
/* End PBXSourcesBuildPhase section */

/* Begin XCBuildConfiguration section */
		77BC3D6A64B6C2450385230E /* Release */ = {
			isa = XCBuildConfiguration;
			buildSettings = {
				ALWAYS_SEARCH_USER_PATHS = NO;
				CLANG_ANALYZER_NONNULL = YES;
				CLANG_ANALYZER_NUMBER_OBJECT_CONVERSION = YES_AGGRESSIVE;
				CLANG_CXX_LANGUAGE_STANDARD = "gnu++14";
				CLANG_CXX_LIBRARY = "libc++";
				CLANG_ENABLE_MODULES = YES;
				CLANG_ENABLE_OBJC_ARC = YES;
				CLANG_ENABLE_OBJC_WEAK = YES;
				CLANG_WARN_BLOCK_CAPTURE_AUTORELEASING = YES;
				CLANG_WARN_BOOL_CONVERSION = YES;
				CLANG_WARN_COMMA = YES;
				CLANG_WARN_CONSTANT_CONVERSION = YES;
				CLANG_WARN_DEPRECATED_OBJC_IMPLEMENTATIONS = YES;
				CLANG_WARN_DIRECT_OBJC_ISA_USAGE = YES_ERROR;
				CLANG_WARN_DOCUMENTATION_COMMENTS = YES;
				CLANG_WARN_EMPTY_BODY = YES;
				CLANG_WARN_ENUM_CONVERSION = YES;
				CLANG_WARN_INFINITE_RECURSION = YES;
				CLANG_WARN_INT_CONVERSION = YES;
				CLANG_WARN_NON_LITERAL_NULL_CONVERSION = YES;
				CLANG_WARN_OBJC_IMPLICIT_RETAIN_SELF = YES;
				CLANG_WARN_OBJC_LITERAL_CONVERSION = YES;
				CLANG_WARN_OBJC_ROOT_CLASS = YES_ERROR;
				CLANG_WARN_QUOTED_INCLUDE_IN_FRAMEWORK_HEADER = YES;
				CLANG_WARN_RANGE_LOOP_ANALYSIS = YES;
				CLANG_WARN_STRICT_PROTOTYPES = YES;
				CLANG_WARN_SUSPICIOUS_MOVE = YES;
				CLANG_WARN_UNGUARDED_AVAILABILITY = YES_AGGRESSIVE;
				CLANG_WARN_UNREACHABLE_CODE = YES;
				CLANG_WARN__DUPLICATE_METHOD_MATCH = YES;
				COPY_PHASE_STRIP = NO;
				DEBUG_INFORMATION_FORMAT = "dwarf-with-dsym";
				ENABLE_NS_ASSERTIONS = NO;
				ENABLE_STRICT_OBJC_MSGSEND = YES;
				GCC_C_LANGUAGE_STANDARD = gnu11;
				GCC_NO_COMMON_BLOCKS = YES;
				GCC_WARN_64_TO_32_BIT_CONVERSION = YES;
				GCC_WARN_ABOUT_RETURN_TYPE = YES_ERROR;
				GCC_WARN_UNDECLARED_SELECTOR = YES;
				GCC_WARN_UNINITIALIZED_AUTOS = YES_AGGRESSIVE;
				GCC_WARN_UNUSED_FUNCTION = YES;
				GCC_WARN_UNUSED_VARIABLE = YES;
				MACOSX_DEPLOYMENT_TARGET = 14.0;
				MTL_ENABLE_DEBUG_INFO = NO;
				MTL_FAST_MATH = YES;
				PRODUCT_NAME = "$(TARGET_NAME)";
				SDKROOT = macosx;
				SWIFT_COMPILATION_MODE = wholemodule;
				SWIFT_OPTIMIZATION_LEVEL = "-O";
				SWIFT_VERSION = 5.0;
			};
			name = Release;
		};
		8AE975FEA034FD600BDEAB84 /* Debug */ = {
			isa = XCBuildConfiguration;
			buildSettings = {
				ALWAYS_SEARCH_USER_PATHS = NO;
				CLANG_ANALYZER_NONNULL = YES;
				CLANG_ANALYZER_NUMBER_OBJECT_CONVERSION = YES_AGGRESSIVE;
				CLANG_CXX_LANGUAGE_STANDARD = "gnu++14";
				CLANG_CXX_LIBRARY = "libc++";
				CLANG_ENABLE_MODULES = YES;
				CLANG_ENABLE_OBJC_ARC = YES;
				CLANG_ENABLE_OBJC_WEAK = YES;
				CLANG_WARN_BLOCK_CAPTURE_AUTORELEASING = YES;
				CLANG_WARN_BOOL_CONVERSION = YES;
				CLANG_WARN_COMMA = YES;
				CLANG_WARN_CONSTANT_CONVERSION = YES;
				CLANG_WARN_DEPRECATED_OBJC_IMPLEMENTATIONS = YES;
				CLANG_WARN_DIRECT_OBJC_ISA_USAGE = YES_ERROR;
				CLANG_WARN_DOCUMENTATION_COMMENTS = YES;
				CLANG_WARN_EMPTY_BODY = YES;
				CLANG_WARN_ENUM_CONVERSION = YES;
				CLANG_WARN_INFINITE_RECURSION = YES;
				CLANG_WARN_INT_CONVERSION = YES;
				CLANG_WARN_NON_LITERAL_NULL_CONVERSION = YES;
				CLANG_WARN_OBJC_IMPLICIT_RETAIN_SELF = YES;
				CLANG_WARN_OBJC_LITERAL_CONVERSION = YES;
				CLANG_WARN_OBJC_ROOT_CLASS = YES_ERROR;
				CLANG_WARN_QUOTED_INCLUDE_IN_FRAMEWORK_HEADER = YES;
				CLANG_WARN_RANGE_LOOP_ANALYSIS = YES;
				CLANG_WARN_STRICT_PROTOTYPES = YES;
				CLANG_WARN_SUSPICIOUS_MOVE = YES;
				CLANG_WARN_UNGUARDED_AVAILABILITY = YES_AGGRESSIVE;
				CLANG_WARN_UNREACHABLE_CODE = YES;
				CLANG_WARN__DUPLICATE_METHOD_MATCH = YES;
				COPY_PHASE_STRIP = NO;
				DEBUG_INFORMATION_FORMAT = dwarf;
				ENABLE_STRICT_OBJC_MSGSEND = YES;
				ENABLE_TESTABILITY = YES;
				GCC_C_LANGUAGE_STANDARD = gnu11;
				GCC_DYNAMIC_NO_PIC = NO;
				GCC_NO_COMMON_BLOCKS = YES;
				GCC_OPTIMIZATION_LEVEL = 0;
				GCC_PREPROCESSOR_DEFINITIONS = (
					"$(inherited)",
					"DEBUG=1",
				);
				GCC_WARN_64_TO_32_BIT_CONVERSION = YES;
				GCC_WARN_ABOUT_RETURN_TYPE = YES_ERROR;
				GCC_WARN_UNDECLARED_SELECTOR = YES;
				GCC_WARN_UNINITIALIZED_AUTOS = YES_AGGRESSIVE;
				GCC_WARN_UNUSED_FUNCTION = YES;
				GCC_WARN_UNUSED_VARIABLE = YES;
				MACOSX_DEPLOYMENT_TARGET = 14.0;
				MTL_ENABLE_DEBUG_INFO = INCLUDE_SOURCE;
				MTL_FAST_MATH = YES;
				ONLY_ACTIVE_ARCH = YES;
				PRODUCT_NAME = "$(TARGET_NAME)";
				SDKROOT = macosx;
				SWIFT_ACTIVE_COMPILATION_CONDITIONS = DEBUG;
				SWIFT_OPTIMIZATION_LEVEL = "-Onone";
				SWIFT_VERSION = 5.0;
			};
			name = Debug;
		};
		A3DD4A0BB73CD95F8DABF961 /* Release */ = {
			isa = XCBuildConfiguration;
			buildSettings = {
				ASSETCATALOG_COMPILER_APPICON_NAME = AppIcon;
				CODE_SIGN_ENTITLEMENTS = VibeMania.entitlements;
				COMBINE_HIDPI_IMAGES = YES;
				CURRENT_PROJECT_VERSION = 1;
				ENABLE_PREVIEWS = YES;
				GENERATE_INFOPLIST_FILE = YES;
				INFOPLIST_KEY_CFBundleDisplayName = VibeMania;
				INFOPLIST_KEY_LSApplicationCategoryType = "public.app-category.developer-tools";
				LD_RUNPATH_SEARCH_PATHS = (
					"$(inherited)",
					"@executable_path/../Frameworks",
				);
				MARKETING_VERSION = 1.0.0;
				PRODUCT_BUNDLE_IDENTIFIER = com.vibemania.app;
				SDKROOT = macosx;
				SWIFT_VERSION = 5.9;
			};
			name = Release;
		};
		F34F4071A3C85BA5CF0FD4CB /* Debug */ = {
			isa = XCBuildConfiguration;
			buildSettings = {
				ASSETCATALOG_COMPILER_APPICON_NAME = AppIcon;
				CODE_SIGN_ENTITLEMENTS = VibeMania.entitlements;
				COMBINE_HIDPI_IMAGES = YES;
				CURRENT_PROJECT_VERSION = 1;
				ENABLE_PREVIEWS = YES;
				GENERATE_INFOPLIST_FILE = YES;
				INFOPLIST_KEY_CFBundleDisplayName = VibeMania;
				INFOPLIST_KEY_LSApplicationCategoryType = "public.app-category.developer-tools";
				LD_RUNPATH_SEARCH_PATHS = (
					"$(inherited)",
					"@executable_path/../Frameworks",
				);
				MARKETING_VERSION = 1.0.0;
				PRODUCT_BUNDLE_IDENTIFIER = com.vibemania.app;
				SDKROOT = macosx;
				SWIFT_VERSION = 5.9;
			};
			name = Debug;
		};
/* End XCBuildConfiguration section */

/* Begin XCConfigurationList section */
		2A79D671F4F9B6DD9D42854C /* Build configuration list for PBXProject "VibeMania" */ = {
			isa = XCConfigurationList;
			buildConfigurations = (
				8AE975FEA034FD600BDEAB84 /* Debug */,
				77BC3D6A64B6C2450385230E /* Release */,
			);
			defaultConfigurationIsVisible = 0;
			defaultConfigurationName = Debug;
		};
		A05D062CE8060A9020914EE0 /* Build configuration list for PBXNativeTarget "VibeMania" */ = {
			isa = XCConfigurationList;
			buildConfigurations = (
				F34F4071A3C85BA5CF0FD4CB /* Debug */,
				A3DD4A0BB73CD95F8DABF961 /* Release */,
			);
			defaultConfigurationIsVisible = 0;
			defaultConfigurationName = Debug;
		};
/* End XCConfigurationList section */
	};
	rootObject = 39697CF0003E05A4E04D8C3C /* Project object */;
}
