// !$*UTF8*$!
{
	archiveVersion = 1;
	classes = {
	};
	objectVersion = 63;
	objects = {

/* Begin PBXBuildFile section */
		0583CAAD99668AAF0C0E4795 /* ProjectStore.swift in Sources */ = {isa = PBXBuildFile; fileRef = E357FE34FFD0F5BC130BB775 /* ProjectStore.swift */; };
		23A84CDD196DC5FB7262CF58 /* ContentView.swift in Sources */ = {isa = PBXBuildFile; fileRef = F1A87B4BE98A38D86D4C2A0F /* ContentView.swift */; };
		260432929BE19C6B0D25FBD6 /* VibeManiaApp.swift in Sources */ = {isa = PBXBuildFile; fileRef = 73E700D2426C02073A74FA98 /* VibeManiaApp.swift */; };
		3111DB4704492E95E8DA1F0A /* LogView.swift in Sources */ = {isa = PBXBuildFile; fileRef = 8AA4BE38E9E1A9151DDE4150 /* LogView.swift */; };
		34BA3679D8F42909CA264859 /* AgentManager.swift in Sources */ = {isa = PBXBuildFile; fileRef = 2F2DA7E0A7934D12470AFB13 /* AgentManager.swift */; };
		3788D7F5192B91F765A21036 /* Project.swift in Sources */ = {isa = PBXBuildFile; fileRef = 62B528E4BB5F122C3667DBB0 /* Project.swift */; };
		6C74FAEBAE285EC2C34300AF /* AgentCardView.swift in Sources */ = {isa = PBXBuildFile; fileRef = 1EE764070E3532394202D8C5 /* AgentCardView.swift */; };
		8128585B4BBEE7C14C9C7405 /* DashboardView.swift in Sources */ = {isa = PBXBuildFile; fileRef = 55FC5F0BC11A02A8C928669F /* DashboardView.swift */; };
		8F8A64DC1297C49F018597C9 /* Agent.swift in Sources */ = {isa = PBXBuildFile; fileRef = D172E0FB4E4ACF4391C454FC /* Agent.swift */; };
		B685274676815DA2FB9B0940 /* SidebarView.swift in Sources */ = {isa = PBXBuildFile; fileRef = 0826F76F38FB58A0DB75B828 /* SidebarView.swift */; };
		C85A475B2BBE89489BA10C37 /* ProjectDetailView.swift in Sources */ = {isa = PBXBuildFile; fileRef = 917F8A9E40AB84E3A13FC6CC /* ProjectDetailView.swift */; };
		F9F9874F5F7B25A4A545CC98 /* AddProjectSheet.swift in Sources */ = {isa = PBXBuildFile; fileRef = 60448F656177E7EEE54686F6 /* AddProjectSheet.swift */; };
/* End PBXBuildFile section */

/* Begin PBXFileReference section */
		0826F76F38FB58A0DB75B828 /* SidebarView.swift */ = {isa = PBXFileReference; lastKnownFileType = sourcecode.swift; path = SidebarView.swift; sourceTree = "<group>"; };
		1EE764070E3532394202D8C5 /* AgentCardView.swift */ = {isa = PBXFileReference; lastKnownFileType = sourcecode.swift; path = AgentCardView.swift; sourceTree = "<group>"; };
		2F2DA7E0A7934D12470AFB13 /* AgentManager.swift */ = {isa = PBXFileReference; lastKnownFileType = sourcecode.swift; path = AgentManager.swift; sourceTree = "<group>"; };
		4824CB032F39FE4300F09226 /* PLAYGROUND_README.md */ = {isa = PBXFileReference; lastKnownFileType = net.daringfireball.markdown; path = PLAYGROUND_README.md; sourceTree = "<group>"; };
		4824CB042F39FE7700F09226 /* FEATURE_SUGGESTIONS.md */ = {isa = PBXFileReference; lastKnownFileType = net.daringfireball.markdown; path = FEATURE_SUGGESTIONS.md; sourceTree = "<group>"; };
		4824CB052F39FE9200F09226 /* playground.sh */ = {isa = PBXFileReference; lastKnownFileType = text.script.sh; path = playground.sh; sourceTree = "<group>"; };
		4824CB062F39FEBD00F09226 /* playground 2.sh */ = {isa = PBXFileReference; lastKnownFileType = text.script.sh; path = "playground 2.sh"; sourceTree = "<group>"; };
		4824CB072F39FECB00F09226 /* IMPLEMENTATION_SUMMARY.md */ = {isa = PBXFileReference; lastKnownFileType = net.daringfireball.markdown; path = IMPLEMENTATION_SUMMARY.md; sourceTree = "<group>"; };
		4824CB082F39FF0700F09226 /* VISUAL_GUIDE.md */ = {isa = PBXFileReference; lastKnownFileType = net.daringfireball.markdown; path = VISUAL_GUIDE.md; sourceTree = "<group>"; };
		4824CB092F39FF2000F09226 /* QUICK_REFERENCE.md */ = {isa = PBXFileReference; lastKnownFileType = net.daringfireball.markdown; path = QUICK_REFERENCE.md; sourceTree = "<group>"; };
		4824CB0A2F39FF9500F09226 /* VIBEMANIA_OVERVIEW.md */ = {isa = PBXFileReference; lastKnownFileType = net.daringfireball.markdown; path = VIBEMANIA_OVERVIEW.md; sourceTree = "<group>"; };
		55FC5F0BC11A02A8C928669F /* DashboardView.swift */ = {isa = PBXFileReference; lastKnownFileType = sourcecode.swift; path = DashboardView.swift; sourceTree = "<group>"; };
		60448F656177E7EEE54686F6 /* AddProjectSheet.swift */ = {isa = PBXFileReference; lastKnownFileType = sourcecode.swift; path = AddProjectSheet.swift; sourceTree = "<group>"; };
		62B528E4BB5F122C3667DBB0 /* Project.swift */ = {isa = PBXFileReference; lastKnownFileType = sourcecode.swift; path = Project.swift; sourceTree = "<group>"; };
		73E700D2426C02073A74FA98 /* VibeManiaApp.swift */ = {isa = PBXFileReference; lastKnownFileType = sourcecode.swift; path = VibeManiaApp.swift; sourceTree = "<group>"; };
		74A2872B247980B22EA69ACA /* VibeMania.app */ = {isa = PBXFileReference; explicitFileType = wrapper.application; includeInIndex = 0; path = VibeMania.app; sourceTree = BUILT_PRODUCTS_DIR; };
		8AA4BE38E9E1A9151DDE4150 /* LogView.swift */ = {isa = PBXFileReference; lastKnownFileType = sourcecode.swift; path = LogView.swift; sourceTree = "<group>"; };
		917F8A9E40AB84E3A13FC6CC /* ProjectDetailView.swift */ = {isa = PBXFileReference; lastKnownFileType = sourcecode.swift; path = ProjectDetailView.swift; sourceTree = "<group>"; };
		D172E0FB4E4ACF4391C454FC /* Agent.swift */ = {isa = PBXFileReference; lastKnownFileType = sourcecode.swift; path = Agent.swift; sourceTree = "<group>"; };
		E357FE34FFD0F5BC130BB775 /* ProjectStore.swift */ = {isa = PBXFileReference; lastKnownFileType = sourcecode.swift; path = ProjectStore.swift; sourceTree = "<group>"; };
		F1A87B4BE98A38D86D4C2A0F /* ContentView.swift */ = {isa = PBXFileReference; lastKnownFileType = sourcecode.swift; path = ContentView.swift; sourceTree = "<group>"; };
/* End PBXFileReference section */

/* Begin PBXGroup section */
		003BB7A07F0DE69FC0B65A3B /* Products */ = {
			isa = PBXGroup;
			children = (
				74A2872B247980B22EA69ACA /* VibeMania.app */,
			);
			name = Products;
			sourceTree = "<group>";
		};
		18D9B44E18058F7E97645E6D = {
			isa = PBXGroup;
			children = (
				366B733E86BD5F5AB455EBEB /* Sources */,
				003BB7A07F0DE69FC0B65A3B /* Products */,
			);
			sourceTree = "<group>";
		};
		366B733E86BD5F5AB455EBEB /* Sources */ = {
			isa = PBXGroup;
			children = (
				565D5AC6CBEEC8AEFAEC5CD4 /* VibeMania */,
			);
			path = Sources;
			sourceTree = "<group>";
		};
		565D5AC6CBEEC8AEFAEC5CD4 /* VibeMania */ = {
			isa = PBXGroup;
			children = (
				73E700D2426C02073A74FA98 /* VibeManiaApp.swift */,
				DC9321E83C46D6EB640EFACC /* Models */,
				60863B0CF2053810807F0C26 /* Views */,
			);
			path = VibeMania;
			sourceTree = "<group>";
		};
		60863B0CF2053810807F0C26 /* Views */ = {
			isa = PBXGroup;
			children = (
				60448F656177E7EEE54686F6 /* AddProjectSheet.swift */,
				1EE764070E3532394202D8C5 /* AgentCardView.swift */,
				F1A87B4BE98A38D86D4C2A0F /* ContentView.swift */,
				55FC5F0BC11A02A8C928669F /* DashboardView.swift */,
				8AA4BE38E9E1A9151DDE4150 /* LogView.swift */,
				917F8A9E40AB84E3A13FC6CC /* ProjectDetailView.swift */,
				0826F76F38FB58A0DB75B828 /* SidebarView.swift */,
				4824CB032F39FE4300F09226 /* PLAYGROUND_README.md */,
				4824CB042F39FE7700F09226 /* FEATURE_SUGGESTIONS.md */,
				4824CB052F39FE9200F09226 /* playground.sh */,
				4824CB062F39FEBD00F09226 /* playground 2.sh */,
				4824CB072F39FECB00F09226 /* IMPLEMENTATION_SUMMARY.md */,
				4824CB082F39FF0700F09226 /* VISUAL_GUIDE.md */,
				4824CB092F39FF2000F09226 /* QUICK_REFERENCE.md */,
				4824CB0A2F39FF9500F09226 /* VIBEMANIA_OVERVIEW.md */,
			);
			path = Views;
			sourceTree = "<group>";
		};
		DC9321E83C46D6EB640EFACC /* Models */ = {
			isa = PBXGroup;
			children = (
				D172E0FB4E4ACF4391C454FC /* Agent.swift */,
				2F2DA7E0A7934D12470AFB13 /* AgentManager.swift */,
				62B528E4BB5F122C3667DBB0 /* Project.swift */,
				E357FE34FFD0F5BC130BB775 /* ProjectStore.swift */,
			);
			path = Models;
			sourceTree = "<group>";
		};
/* End PBXGroup section */

/* Begin PBXNativeTarget section */
		EF6A2A9B513C82B13E116C2B /* VibeMania */ = {
			isa = PBXNativeTarget;
			buildConfigurationList = A05D062CE8060A9020914EE0 /* Build configuration list for PBXNativeTarget "VibeMania" */;
			buildPhases = (
				EE96AD81A5C7698296CC6C22 /* Sources */,
			);
			buildRules = (
			);
			dependencies = (
			);
			name = VibeMania;
			packageProductDependencies = (
			);
			productName = VibeMania;
			productReference = 74A2872B247980B22EA69ACA /* VibeMania.app */;
			productType = "com.apple.product-type.application";
		};
/* End PBXNativeTarget section */

/* Begin PBXProject section */
		39697CF0003E05A4E04D8C3C /* Project object */ = {
			isa = PBXProject;
			attributes = {
				BuildIndependentTargetsInParallel = YES;
				LastUpgradeCheck = 1430;
			};
			buildConfigurationList = 2A79D671F4F9B6DD9D42854C /* Build configuration list for PBXProject "VibeMania" */;
			compatibilityVersion = "Xcode 14.0";
			developmentRegion = en;
			hasScannedForEncodings = 0;
			knownRegions = (
				Base,
				en,
			);
			mainGroup = 18D9B44E18058F7E97645E6D;
			minimizedProjectReferenceProxies = 1;
			projectDirPath = "";
			projectRoot = "";
			targets = (
				EF6A2A9B513C82B13E116C2B /* VibeMania */,
			);
		};
/* End PBXProject section */

/* Begin PBXSourcesBuildPhase section */
		EE96AD81A5C7698296CC6C22 /* Sources */ = {
			isa = PBXSourcesBuildPhase;
			buildActionMask = 2147483647;
			files = (
				F9F9874F5F7B25A4A545CC98 /* AddProjectSheet.swift in Sources */,
				8F8A64DC1297C49F018597C9 /* Agent.swift in Sources */,
				6C74FAEBAE285EC2C34300AF /* AgentCardView.swift in Sources */,
				34BA3679D8F42909CA264859 /* AgentManager.swift in Sources */,
				23A84CDD196DC5FB7262CF58 /* ContentView.swift in Sources */,
				8128585B4BBEE7C14C9C7405 /* DashboardView.swift in Sources */,
				3111DB4704492E95E8DA1F0A /* LogView.swift in Sources */,
				3788D7F5192B91F765A21036 /* Project.swift in Sources */,
				C85A475B2BBE89489BA10C37 /* ProjectDetailView.swift in Sources */,
				0583CAAD99668AAF0C0E4795 /* ProjectStore.swift in Sources */,
				B685274676815DA2FB9B0940 /* SidebarView.swift in Sources */,
				260432929BE19C6B0D25FBD6 /* VibeManiaApp.swift in Sources */,
			);
			runOnlyForDeploymentPostprocessing = 0;
		};
/* End PBXSourcesBuildPhase section */

/* Begin XCBuildConfiguration section */
		77BC3D6A64B6C2450385230E /* Release */ = {
			isa = XCBuildConfiguration;
			buildSettings = {
				ALWAYS_SEARCH_USER_PATHS = NO;
				CLANG_ANALYZER_NONNULL = YES;
				CLANG_ANALYZER_NUMBER_OBJECT_CONVERSION = YES_AGGRESSIVE;
				CLANG_CXX_LANGUAGE_STANDARD = "gnu++14";
				CLANG_CXX_LIBRARY = "libc++";
				CLANG_ENABLE_MODULES = YES;
				CLANG_ENABLE_OBJC_ARC = YES;
				CLANG_ENABLE_OBJC_WEAK = YES;
				CLANG_WARN_BLOCK_CAPTURE_AUTORELEASING = YES;
				CLANG_WARN_BOOL_CONVERSION = YES;
				CLANG_WARN_COMMA = YES;
				CLANG_WARN_CONSTANT_CONVERSION = YES;
				CLANG_WARN_DEPRECATED_OBJC_IMPLEMENTATIONS = YES;
				CLANG_WARN_DIRECT_OBJC_ISA_USAGE = YES_ERROR;
				CLANG_WARN_DOCUMENTATION_COMMENTS = YES;
				CLANG_WARN_EMPTY_BODY = YES;
				CLANG_WARN_ENUM_CONVERSION = YES;
				CLANG_WARN_INFINITE_RECURSION = YES;
				CLANG_WARN_INT_CONVERSION = YES;
				CLANG_WARN_NON_LITERAL_NULL_CONVERSION = YES;
				CLANG_WARN_OBJC_IMPLICIT_RETAIN_SELF = YES;
				CLANG_WARN_OBJC_LITERAL_CONVERSION = YES;
				CLANG_WARN_OBJC_ROOT_CLASS = YES_ERROR;
				CLANG_WARN_QUOTED_INCLUDE_IN_FRAMEWORK_HEADER = YES;
				CLANG_WARN_RANGE_LOOP_ANALYSIS = YES;
				CLANG_WARN_STRICT_PROTOTYPES = YES;
				CLANG_WARN_SUSPICIOUS_MOVE = YES;
				CLANG_WARN_UNGUARDED_AVAILABILITY = YES_AGGRESSIVE;
				CLANG_WARN_UNREACHABLE_CODE = YES;
				CLANG_WARN__DUPLICATE_METHOD_MATCH = YES;
				COPY_PHASE_STRIP = NO;
				DEBUG_INFORMATION_FORMAT = "dwarf-with-dsym";
				ENABLE_NS_ASSERTIONS = NO;
				ENABLE_STRICT_OBJC_MSGSEND = YES;
				GCC_C_LANGUAGE_STANDARD = gnu11;
				GCC_NO_COMMON_BLOCKS = YES;
				GCC_WARN_64_TO_32_BIT_CONVERSION = YES;
				GCC_WARN_ABOUT_RETURN_TYPE = YES_ERROR;
				GCC_WARN_UNDECLARED_SELECTOR = YES;
				GCC_WARN_UNINITIALIZED_AUTOS = YES_AGGRESSIVE;
				GCC_WARN_UNUSED_FUNCTION = YES;
				GCC_WARN_UNUSED_VARIABLE = YES;
				MACOSX_DEPLOYMENT_TARGET = 14.0;
				MTL_ENABLE_DEBUG_INFO = NO;
				MTL_FAST_MATH = YES;
				PRODUCT_NAME = "$(TARGET_NAME)";
				SDKROOT = macosx;
				SWIFT_COMPILATION_MODE = wholemodule;
				SWIFT_OPTIMIZATION_LEVEL = "-O";
				SWIFT_VERSION = 5.0;
			};
			name = Release;
		};
		8AE975FEA034FD600BDEAB84 /* Debug */ = {
			isa = XCBuildConfiguration;
			buildSettings = {
				ALWAYS_SEARCH_USER_PATHS = NO;
				CLANG_ANALYZER_NONNULL = YES;
				CLANG_ANALYZER_NUMBER_OBJECT_CONVERSION = YES_AGGRESSIVE;
				CLANG_CXX_LANGUAGE_STANDARD = "gnu++14";
				CLANG_CXX_LIBRARY = "libc++";
				CLANG_ENABLE_MODULES = YES;
				CLANG_ENABLE_OBJC_ARC = YES;
				CLANG_ENABLE_OBJC_WEAK = YES;
				CLANG_WARN_BLOCK_CAPTURE_AUTORELEASING = YES;
				CLANG_WARN_BOOL_CONVERSION = YES;
				CLANG_WARN_COMMA = YES;
				CLANG_WARN_CONSTANT_CONVERSION = YES;
				CLANG_WARN_DEPRECATED_OBJC_IMPLEMENTATIONS = YES;
				CLANG_WARN_DIRECT_OBJC_ISA_USAGE = YES_ERROR;
				CLANG_WARN_DOCUMENTATION_COMMENTS = YES;
				CLANG_WARN_EMPTY_BODY = YES;
				CLANG_WARN_ENUM_CONVERSION = YES;
				CLANG_WARN_INFINITE_RECURSION = YES;
				CLANG_WARN_INT_CONVERSION = YES;
				CLANG_WARN_NON_LITERAL_NULL_CONVERSION = YES;
				CLANG_WARN_OBJC_IMPLICIT_RETAIN_SELF = YES;
				CLANG_WARN_OBJC_LITERAL_CONVERSION = YES;
				CLANG_WARN_OBJC_ROOT_CLASS = YES_ERROR;
				CLANG_WARN_QUOTED_INCLUDE_IN_FRAMEWORK_HEADER = YES;
				CLANG_WARN_RANGE_LOOP_ANALYSIS = YES;
				CLANG_WARN_STRICT_PROTOTYPES = YES;
				CLANG_WARN_SUSPICIOUS_MOVE = YES;
				CLANG_WARN_UNGUARDED_AVAILABILITY = YES_AGGRESSIVE;
				CLANG_WARN_UNREACHABLE_CODE = YES;
				CLANG_WARN__DUPLICATE_METHOD_MATCH = YES;
				COPY_PHASE_STRIP = NO;
				DEBUG_INFORMATION_FORMAT = dwarf;
				ENABLE_STRICT_OBJC_MSGSEND = YES;
				ENABLE_TESTABILITY = YES;
				GCC_C_LANGUAGE_STANDARD = gnu11;
				GCC_DYNAMIC_NO_PIC = NO;
				GCC_NO_COMMON_BLOCKS = YES;
				GCC_OPTIMIZATION_LEVEL = 0;
				GCC_PREPROCESSOR_DEFINITIONS = (
					"$(inherited)",
					"DEBUG=1",
				);
				GCC_WARN_64_TO_32_BIT_CONVERSION = YES;
				GCC_WARN_ABOUT_RETURN_TYPE = YES_ERROR;
				GCC_WARN_UNDECLARED_SELECTOR = YES;
				GCC_WARN_UNINITIALIZED_AUTOS = YES_AGGRESSIVE;
				GCC_WARN_UNUSED_FUNCTION = YES;
				GCC_WARN_UNUSED_VARIABLE = YES;
				MACOSX_DEPLOYMENT_TARGET = 14.0;
				MTL_ENABLE_DEBUG_INFO = INCLUDE_SOURCE;
				MTL_FAST_MATH = YES;
				ONLY_ACTIVE_ARCH = YES;
				PRODUCT_NAME = "$(TARGET_NAME)";
				SDKROOT = macosx;
				SWIFT_ACTIVE_COMPILATION_CONDITIONS = DEBUG;
				SWIFT_OPTIMIZATION_LEVEL = "-Onone";
				SWIFT_VERSION = 5.0;
			};
			name = Debug;
		};
		A3DD4A0BB73CD95F8DABF961 /* Release */ = {
			isa = XCBuildConfiguration;
			buildSettings = {
				ASSETCATALOG_COMPILER_APPICON_NAME = AppIcon;
				CODE_SIGN_ENTITLEMENTS = VibeMania.entitlements;
				CODE_SIGN_IDENTITY = "Apple Development";
				CODE_SIGN_STYLE = Automatic;
				COMBINE_HIDPI_IMAGES = YES;
				CURRENT_PROJECT_VERSION = 1;
				DEVELOPMENT_TEAM = LZ3NL5434Q;
				ENABLE_PREVIEWS = YES;
				GENERATE_INFOPLIST_FILE = YES;
				INFOPLIST_KEY_CFBundleDisplayName = VibeMania;
				INFOPLIST_KEY_LSApplicationCategoryType = "public.app-category.developer-tools";
				LD_RUNPATH_SEARCH_PATHS = (
					"$(inherited)",
					"@executable_path/../Frameworks",
				);
				MACOSX_DEPLOYMENT_TARGET = 26.0;
				MARKETING_VERSION = 1.0.0;
				PRODUCT_BUNDLE_IDENTIFIER = company.atechnology.vibemania;
				PROVISIONING_PROFILE_SPECIFIER = "";
				SDKROOT = macosx;
				SWIFT_VERSION = 5.9;
			};
			name = Release;
		};
		F34F4071A3C85BA5CF0FD4CB /* Debug */ = {
			isa = XCBuildConfiguration;
			buildSettings = {
				ASSETCATALOG_COMPILER_APPICON_NAME = AppIcon;
				CODE_SIGN_ENTITLEMENTS = VibeMania.entitlements;
				CODE_SIGN_IDENTITY = "Apple Development";
				CODE_SIGN_STYLE = Automatic;
				COMBINE_HIDPI_IMAGES = YES;
				CURRENT_PROJECT_VERSION = 1;
				DEVELOPMENT_TEAM = LZ3NL5434Q;
				ENABLE_PREVIEWS = YES;
				GENERATE_INFOPLIST_FILE = YES;
				INFOPLIST_KEY_CFBundleDisplayName = VibeMania;
				INFOPLIST_KEY_LSApplicationCategoryType = "public.app-category.developer-tools";
				LD_RUNPATH_SEARCH_PATHS = (
					"$(inherited)",
					"@executable_path/../Frameworks",
				);
				MACOSX_DEPLOYMENT_TARGET = 26.0;
				MARKETING_VERSION = 1.0.0;
				PRODUCT_BUNDLE_IDENTIFIER = company.atechnology.vibemania;
				PROVISIONING_PROFILE_SPECIFIER = "";
				SDKROOT = macosx;
				SWIFT_VERSION = 5.9;
			};
			name = Debug;
		};
/* End XCBuildConfiguration section */

/* Begin XCConfigurationList section */
		2A79D671F4F9B6DD9D42854C /* Build configuration list for PBXProject "VibeMania" */ = {
			isa = XCConfigurationList;
			buildConfigurations = (
				8AE975FEA034FD600BDEAB84 /* Debug */,
				77BC3D6A64B6C2450385230E /* Release */,
			);
			defaultConfigurationIsVisible = 0;
			defaultConfigurationName = Debug;
		};
		A05D062CE8060A9020914EE0 /* Build configuration list for PBXNativeTarget "VibeMania" */ = {
			isa = XCConfigurationList;
			buildConfigurations = (
				F34F4071A3C85BA5CF0FD4CB /* Debug */,
				A3DD4A0BB73CD95F8DABF961 /* Release */,
			);
			defaultConfigurationIsVisible = 0;
			defaultConfigurationName = Debug;
		};
/* End XCConfigurationList section */
	};
	rootObject = 39697CF0003E05A4E04D8C3C /* Project object */;
}
